// !$*UTF8*$!
{
	archiveVersion = 1;
	classes = {
	};
	objectVersion = 56;
	objects = {

/* Begin PBXBuildFile section */
		9B9EF23A2C058BFF00146042 /* Applike_OutTheBoxApp.swift in Sources */ = {isa = PBXBuildFile; fileRef = 9B9EF2392C058BFF00146042 /* Applike_OutTheBoxApp.swift */; };
		9B9EF23E2C058C0100146042 /* Assets.xcassets in Resources */ = {isa = PBXBuildFile; fileRef = 9B9EF23D2C058C0100146042 /* Assets.xcassets */; };
		9B9EF2412C058C0100146042 /* Preview Assets.xcassets in Resources */ = {isa = PBXBuildFile; fileRef = 9B9EF2402C058C0100146042 /* Preview Assets.xcassets */; };
		9B9EF2482C058C6900146042 /* README.md in Resources */ = {isa = PBXBuildFile; fileRef = 9B9EF2472C058C6900146042 /* README.md */; };
		9B9EF24B2C058F1900146042 /* AboutPage.swift in Sources */ = {isa = PBXBuildFile; fileRef = 9B9EF24A2C058ECE00146042 /* AboutPage.swift */; };
		9B9EF2502C0591C500146042 /* Feature.swift in Sources */ = {isa = PBXBuildFile; fileRef = 9B9EF24F2C0591C500146042 /* Feature.swift */; };
		9B9EF2522C05930B00146042 /* HomePage.swift in Sources */ = {isa = PBXBuildFile; fileRef = 9B9EF23B2C058BFF00146042 /* HomePage.swift */; };
		9B9EF2562C0594AD00146042 /* DummyPage.swift in Sources */ = {isa = PBXBuildFile; fileRef = 9B9EF2552C0594AD00146042 /* DummyPage.swift */; };
		9B9EF25B2C05970B00146042 /* FeatureRow.swift in Sources */ = {isa = PBXBuildFile; fileRef = 9B9EF25A2C05970B00146042 /* FeatureRow.swift */; };
		9B9EF25E2C0623A900146042 /* ItemRow.swift in Sources */ = {isa = PBXBuildFile; fileRef = 9B9EF25D2C0623A900146042 /* ItemRow.swift */; };
/* End PBXBuildFile section */

/* Begin PBXFileReference section */
		9B9EF2362C058BFF00146042 /* Applike-OutTheBox.app */ = {isa = PBXFileReference; explicitFileType = wrapper.application; includeInIndex = 0; path = "Applike-OutTheBox.app"; sourceTree = BUILT_PRODUCTS_DIR; };
		9B9EF2392C058BFF00146042 /* Applike_OutTheBoxApp.swift */ = {isa = PBXFileReference; lastKnownFileType = sourcecode.swift; path = Applike_OutTheBoxApp.swift; sourceTree = "<group>"; };
		9B9EF23B2C058BFF00146042 /* HomePage.swift */ = {isa = PBXFileReference; lastKnownFileType = sourcecode.swift; path = HomePage.swift; sourceTree = "<group>"; };
		9B9EF23D2C058C0100146042 /* Assets.xcassets */ = {isa = PBXFileReference; lastKnownFileType = folder.assetcatalog; path = Assets.xcassets; sourceTree = "<group>"; };
		9B9EF2402C058C0100146042 /* Preview Assets.xcassets */ = {isa = PBXFileReference; lastKnownFileType = folder.assetcatalog; path = "Preview Assets.xcassets"; sourceTree = "<group>"; };
		9B9EF2472C058C6900146042 /* README.md */ = {isa = PBXFileReference; fileEncoding = 4; lastKnownFileType = net.daringfireball.markdown; path = README.md; sourceTree = "<group>"; };
		9B9EF24A2C058ECE00146042 /* AboutPage.swift */ = {isa = PBXFileReference; lastKnownFileType = sourcecode.swift; path = AboutPage.swift; sourceTree = "<group>"; };
		9B9EF24F2C0591C500146042 /* Feature.swift */ = {isa = PBXFileReference; lastKnownFileType = sourcecode.swift; path = Feature.swift; sourceTree = "<group>"; };
		9B9EF2552C0594AD00146042 /* DummyPage.swift */ = {isa = PBXFileReference; lastKnownFileType = sourcecode.swift; path = DummyPage.swift; sourceTree = "<group>"; };
		9B9EF25A2C05970B00146042 /* FeatureRow.swift */ = {isa = PBXFileReference; lastKnownFileType = sourcecode.swift; path = FeatureRow.swift; sourceTree = "<group>"; };
		9B9EF25D2C0623A900146042 /* ItemRow.swift */ = {isa = PBXFileReference; lastKnownFileType = sourcecode.swift; path = ItemRow.swift; sourceTree = "<group>"; };
/* End PBXFileReference section */

/* Begin PBXFrameworksBuildPhase section */
		9B9EF2332C058BFF00146042 /* Frameworks */ = {
			isa = PBXFrameworksBuildPhase;
			buildActionMask = 2147483647;
			files = (
			);
			runOnlyForDeploymentPostprocessing = 0;
		};
/* End PBXFrameworksBuildPhase section */

/* Begin PBXGroup section */
		9B9EF22D2C058BFF00146042 = {
			isa = PBXGroup;
			children = (
				9B9EF2382C058BFF00146042 /* Applike-OutTheBox */,
				9B9EF2472C058C6900146042 /* README.md */,
				9B9EF2372C058BFF00146042 /* Products */,
			);
			sourceTree = "<group>";
		};
		9B9EF2372C058BFF00146042 /* Products */ = {
			isa = PBXGroup;
			children = (
				9B9EF2362C058BFF00146042 /* Applike-OutTheBox.app */,
			);
			name = Products;
			sourceTree = "<group>";
		};
		9B9EF2382C058BFF00146042 /* Applike-OutTheBox */ = {
			isa = PBXGroup;
			children = (
				9B9EF2572C05956C00146042 /* Model */,
				9B9EF2582C05957200146042 /* View */,
				9B9EF2392C058BFF00146042 /* Applike_OutTheBoxApp.swift */,
				9B9EF23D2C058C0100146042 /* Assets.xcassets */,
				9B9EF23F2C058C0100146042 /* Preview Content */,
			);
			path = "Applike-OutTheBox";
			sourceTree = "<group>";
		};
		9B9EF23F2C058C0100146042 /* Preview Content */ = {
			isa = PBXGroup;
			children = (
				9B9EF2402C058C0100146042 /* Preview Assets.xcassets */,
				9B9EF2552C0594AD00146042 /* DummyPage.swift */,
			);
			path = "Preview Content";
			sourceTree = "<group>";
		};
		9B9EF2492C058EC700146042 /* About */ = {
			isa = PBXGroup;
			children = (
				9B9EF24A2C058ECE00146042 /* AboutPage.swift */,
			);
			path = About;
			sourceTree = "<group>";
		};
		9B9EF24E2C0591B000146042 /* Enum */ = {
			isa = PBXGroup;
			children = (
				9B9EF24F2C0591C500146042 /* Feature.swift */,
			);
			path = Enum;
			sourceTree = "<group>";
		};
		9B9EF2572C05956C00146042 /* Model */ = {
			isa = PBXGroup;
			children = (
				9B9EF24E2C0591B000146042 /* Enum */,
			);
			path = Model;
			sourceTree = "<group>";
		};
		9B9EF2582C05957200146042 /* View */ = {
			isa = PBXGroup;
			children = (
				9B9EF2492C058EC700146042 /* About */,
				9B9EF25C2C06238F00146042 /* Common */,
				9B9EF2592C05957A00146042 /* Home */,
			);
			path = View;
			sourceTree = "<group>";
		};
		9B9EF2592C05957A00146042 /* Home */ = {
			isa = PBXGroup;
			children = (
				9B9EF23B2C058BFF00146042 /* HomePage.swift */,
				9B9EF25A2C05970B00146042 /* FeatureRow.swift */,
			);
			path = Home;
			sourceTree = "<group>";
		};
		9B9EF25C2C06238F00146042 /* Common */ = {
			isa = PBXGroup;
			children = (
				9B9EF25D2C0623A900146042 /* ItemRow.swift */,
			);
			path = Common;
			sourceTree = "<group>";
		};
/* End PBXGroup section */

/* Begin PBXNativeTarget section */
		9B9EF2352C058BFF00146042 /* Applike-OutTheBox */ = {
			isa = PBXNativeTarget;
			buildConfigurationList = 9B9EF2442C058C0100146042 /* Build configuration list for PBXNativeTarget "Applike-OutTheBox" */;
			buildPhases = (
				9B9EF2322C058BFF00146042 /* Sources */,
				9B9EF2332C058BFF00146042 /* Frameworks */,
				9B9EF2342C058BFF00146042 /* Resources */,
			);
			buildRules = (
			);
			dependencies = (
			);
			name = "Applike-OutTheBox";
			productName = "Applike-OutTheBox";
			productReference = 9B9EF2362C058BFF00146042 /* Applike-OutTheBox.app */;
			productType = "com.apple.product-type.application";
		};
/* End PBXNativeTarget section */

/* Begin PBXProject section */
		9B9EF22E2C058BFF00146042 /* Project object */ = {
			isa = PBXProject;
			attributes = {
				BuildIndependentTargetsInParallel = 1;
				LastSwiftUpdateCheck = 1530;
				LastUpgradeCheck = 1530;
				TargetAttributes = {
					9B9EF2352C058BFF00146042 = {
						CreatedOnToolsVersion = 15.3;
					};
				};
			};
			buildConfigurationList = 9B9EF2312C058BFF00146042 /* Build configuration list for PBXProject "Applike-OutTheBox" */;
			compatibilityVersion = "Xcode 14.0";
			developmentRegion = en;
			hasScannedForEncodings = 0;
			knownRegions = (
				en,
				Base,
			);
			mainGroup = 9B9EF22D2C058BFF00146042;
			productRefGroup = 9B9EF2372C058BFF00146042 /* Products */;
			projectDirPath = "";
			projectRoot = "";
			targets = (
				9B9EF2352C058BFF00146042 /* Applike-OutTheBox */,
			);
		};
/* End PBXProject section */

/* Begin PBXResourcesBuildPhase section */
		9B9EF2342C058BFF00146042 /* Resources */ = {
			isa = PBXResourcesBuildPhase;
			buildActionMask = 2147483647;
			files = (
				9B9EF2482C058C6900146042 /* README.md in Resources */,
				9B9EF2412C058C0100146042 /* Preview Assets.xcassets in Resources */,
				9B9EF23E2C058C0100146042 /* Assets.xcassets in Resources */,
			);
			runOnlyForDeploymentPostprocessing = 0;
		};
/* End PBXResourcesBuildPhase section */

/* Begin PBXSourcesBuildPhase section */
		9B9EF2322C058BFF00146042 /* Sources */ = {
			isa = PBXSourcesBuildPhase;
			buildActionMask = 2147483647;
			files = (
				9B9EF2562C0594AD00146042 /* DummyPage.swift in Sources */,
				9B9EF2502C0591C500146042 /* Feature.swift in Sources */,
				9B9EF2522C05930B00146042 /* HomePage.swift in Sources */,
				9B9EF25E2C0623A900146042 /* ItemRow.swift in Sources */,
				9B9EF25B2C05970B00146042 /* FeatureRow.swift in Sources */,
				9B9EF24B2C058F1900146042 /* AboutPage.swift in Sources */,
				9B9EF23A2C058BFF00146042 /* Applike_OutTheBoxApp.swift in Sources */,
			);
			runOnlyForDeploymentPostprocessing = 0;
		};
/* End PBXSourcesBuildPhase section */

/* Begin XCBuildConfiguration section */
		9B9EF2422C058C0100146042 /* Debug */ = {
			isa = XCBuildConfiguration;
			buildSettings = {
				ALWAYS_SEARCH_USER_PATHS = NO;
				ASSETCATALOG_COMPILER_GENERATE_SWIFT_ASSET_SYMBOL_EXTENSIONS = YES;
				CLANG_ANALYZER_NONNULL = YES;
				CLANG_ANALYZER_NUMBER_OBJECT_CONVERSION = YES_AGGRESSIVE;
				CLANG_CXX_LANGUAGE_STANDARD = "gnu++20";
				CLANG_ENABLE_MODULES = YES;
				CLANG_ENABLE_OBJC_ARC = YES;
				CLANG_ENABLE_OBJC_WEAK = YES;
				CLANG_WARN_BLOCK_CAPTURE_AUTORELEASING = YES;
				CLANG_WARN_BOOL_CONVERSION = YES;
				CLANG_WARN_COMMA = YES;
				CLANG_WARN_CONSTANT_CONVERSION = YES;
				CLANG_WARN_DEPRECATED_OBJC_IMPLEMENTATIONS = YES;
				CLANG_WARN_DIRECT_OBJC_ISA_USAGE = YES_ERROR;
				CLANG_WARN_DOCUMENTATION_COMMENTS = YES;
				CLANG_WARN_EMPTY_BODY = YES;
				CLANG_WARN_ENUM_CONVERSION = YES;
				CLANG_WARN_INFINITE_RECURSION = YES;
				CLANG_WARN_INT_CONVERSION = YES;
				CLANG_WARN_NON_LITERAL_NULL_CONVERSION = YES;
				CLANG_WARN_OBJC_IMPLICIT_RETAIN_SELF = YES;
				CLANG_WARN_OBJC_LITERAL_CONVERSION = YES;
				CLANG_WARN_OBJC_ROOT_CLASS = YES_ERROR;
				CLANG_WARN_QUOTED_INCLUDE_IN_FRAMEWORK_HEADER = YES;
				CLANG_WARN_RANGE_LOOP_ANALYSIS = YES;
				CLANG_WARN_STRICT_PROTOTYPES = YES;
				CLANG_WARN_SUSPICIOUS_MOVE = YES;
				CLANG_WARN_UNGUARDED_AVAILABILITY = YES_AGGRESSIVE;
				CLANG_WARN_UNREACHABLE_CODE = YES;
				CLANG_WARN__DUPLICATE_METHOD_MATCH = YES;
				COPY_PHASE_STRIP = NO;
				DEBUG_INFORMATION_FORMAT = dwarf;
				ENABLE_STRICT_OBJC_MSGSEND = YES;
				ENABLE_TESTABILITY = YES;
				ENABLE_USER_SCRIPT_SANDBOXING = YES;
				GCC_C_LANGUAGE_STANDARD = gnu17;
				GCC_DYNAMIC_NO_PIC = NO;
				GCC_NO_COMMON_BLOCKS = YES;
				GCC_OPTIMIZATION_LEVEL = 0;
				GCC_PREPROCESSOR_DEFINITIONS = (
					"DEBUG=1",
					"$(inherited)",
				);
				GCC_WARN_64_TO_32_BIT_CONVERSION = YES;
				GCC_WARN_ABOUT_RETURN_TYPE = YES_ERROR;
				GCC_WARN_UNDECLARED_SELECTOR = YES;
				GCC_WARN_UNINITIALIZED_AUTOS = YES_AGGRESSIVE;
				GCC_WARN_UNUSED_FUNCTION = YES;
				GCC_WARN_UNUSED_VARIABLE = YES;
				IPHONEOS_DEPLOYMENT_TARGET = 17.4;
				LOCALIZATION_PREFERS_STRING_CATALOGS = YES;
				MTL_ENABLE_DEBUG_INFO = INCLUDE_SOURCE;
				MTL_FAST_MATH = YES;
				ONLY_ACTIVE_ARCH = YES;
				SDKROOT = iphoneos;
				SWIFT_ACTIVE_COMPILATION_CONDITIONS = "DEBUG $(inherited)";
				SWIFT_OPTIMIZATION_LEVEL = "-Onone";
			};
			name = Debug;
		};
		9B9EF2432C058C0100146042 /* Release */ = {
			isa = XCBuildConfiguration;
			buildSettings = {
				ALWAYS_SEARCH_USER_PATHS = NO;
				ASSETCATALOG_COMPILER_GENERATE_SWIFT_ASSET_SYMBOL_EXTENSIONS = YES;
				CLANG_ANALYZER_NONNULL = YES;
				CLANG_ANALYZER_NUMBER_OBJECT_CONVERSION = YES_AGGRESSIVE;
				CLANG_CXX_LANGUAGE_STANDARD = "gnu++20";
				CLANG_ENABLE_MODULES = YES;
				CLANG_ENABLE_OBJC_ARC = YES;
				CLANG_ENABLE_OBJC_WEAK = YES;
				CLANG_WARN_BLOCK_CAPTURE_AUTORELEASING = YES;
				CLANG_WARN_BOOL_CONVERSION = YES;
				CLANG_WARN_COMMA = YES;
				CLANG_WARN_CONSTANT_CONVERSION = YES;
				CLANG_WARN_DEPRECATED_OBJC_IMPLEMENTATIONS = YES;
				CLANG_WARN_DIRECT_OBJC_ISA_USAGE = YES_ERROR;
				CLANG_WARN_DOCUMENTATION_COMMENTS = YES;
				CLANG_WARN_EMPTY_BODY = YES;
				CLANG_WARN_ENUM_CONVERSION = YES;
				CLANG_WARN_INFINITE_RECURSION = YES;
				CLANG_WARN_INT_CONVERSION = YES;
				CLANG_WARN_NON_LITERAL_NULL_CONVERSION = YES;
				CLANG_WARN_OBJC_IMPLICIT_RETAIN_SELF = YES;
				CLANG_WARN_OBJC_LITERAL_CONVERSION = YES;
				CLANG_WARN_OBJC_ROOT_CLASS = YES_ERROR;
				CLANG_WARN_QUOTED_INCLUDE_IN_FRAMEWORK_HEADER = YES;
				CLANG_WARN_RANGE_LOOP_ANALYSIS = YES;
				CLANG_WARN_STRICT_PROTOTYPES = YES;
				CLANG_WARN_SUSPICIOUS_MOVE = YES;
				CLANG_WARN_UNGUARDED_AVAILABILITY = YES_AGGRESSIVE;
				CLANG_WARN_UNREACHABLE_CODE = YES;
				CLANG_WARN__DUPLICATE_METHOD_MATCH = YES;
				COPY_PHASE_STRIP = NO;
				DEBUG_INFORMATION_FORMAT = "dwarf-with-dsym";
				ENABLE_NS_ASSERTIONS = NO;
				ENABLE_STRICT_OBJC_MSGSEND = YES;
				ENABLE_USER_SCRIPT_SANDBOXING = YES;
				GCC_C_LANGUAGE_STANDARD = gnu17;
				GCC_NO_COMMON_BLOCKS = YES;
				GCC_WARN_64_TO_32_BIT_CONVERSION = YES;
				GCC_WARN_ABOUT_RETURN_TYPE = YES_ERROR;
				GCC_WARN_UNDECLARED_SELECTOR = YES;
				GCC_WARN_UNINITIALIZED_AUTOS = YES_AGGRESSIVE;
				GCC_WARN_UNUSED_FUNCTION = YES;
				GCC_WARN_UNUSED_VARIABLE = YES;
				IPHONEOS_DEPLOYMENT_TARGET = 17.4;
				LOCALIZATION_PREFERS_STRING_CATALOGS = YES;
				MTL_ENABLE_DEBUG_INFO = NO;
				MTL_FAST_MATH = YES;
				SDKROOT = iphoneos;
				SWIFT_COMPILATION_MODE = wholemodule;
				VALIDATE_PRODUCT = YES;
			};
			name = Release;
		};
		9B9EF2452C058C0100146042 /* Debug */ = {
			isa = XCBuildConfiguration;
			buildSettings = {
				ASSETCATALOG_COMPILER_APPICON_NAME = AppIcon;
				ASSETCATALOG_COMPILER_GLOBAL_ACCENT_COLOR_NAME = AccentColor;
				CODE_SIGN_STYLE = Automatic;
				CURRENT_PROJECT_VERSION = 1;
				DEVELOPMENT_ASSET_PATHS = "\"Applike-OutTheBox/Preview Content\"";
				DEVELOPMENT_TEAM = PR393DJ94D;
				ENABLE_PREVIEWS = YES;
				GENERATE_INFOPLIST_FILE = YES;
				INFOPLIST_KEY_UIApplicationSceneManifest_Generation = YES;
				INFOPLIST_KEY_UIApplicationSupportsIndirectInputEvents = YES;
				INFOPLIST_KEY_UILaunchScreen_Generation = YES;
				INFOPLIST_KEY_UISupportedInterfaceOrientations_iPad = "UIInterfaceOrientationPortrait UIInterfaceOrientationPortraitUpsideDown UIInterfaceOrientationLandscapeLeft UIInterfaceOrientationLandscapeRight";
				INFOPLIST_KEY_UISupportedInterfaceOrientations_iPhone = "UIInterfaceOrientationPortrait UIInterfaceOrientationLandscapeLeft UIInterfaceOrientationLandscapeRight";
				LD_RUNPATH_SEARCH_PATHS = (
					"$(inherited)",
					"@executable_path/Frameworks",
				);
				MARKETING_VERSION = 1.0;
				PRODUCT_BUNDLE_IDENTIFIER = "raih.nyata.Applike-OutTheBox";
				PRODUCT_NAME = "$(TARGET_NAME)";
				SWIFT_EMIT_LOC_STRINGS = YES;
				SWIFT_VERSION = 5.0;
				TARGETED_DEVICE_FAMILY = "1,2";
			};
			name = Debug;
		};
		9B9EF2462C058C0100146042 /* Release */ = {
			isa = XCBuildConfiguration;
			buildSettings = {
				ASSETCATALOG_COMPILER_APPICON_NAME = AppIcon;
				ASSETCATALOG_COMPILER_GLOBAL_ACCENT_COLOR_NAME = AccentColor;
				CODE_SIGN_STYLE = Automatic;
				CURRENT_PROJECT_VERSION = 1;
				DEVELOPMENT_ASSET_PATHS = "\"Applike-OutTheBox/Preview Content\"";
				DEVELOPMENT_TEAM = PR393DJ94D;
				ENABLE_PREVIEWS = YES;
				GENERATE_INFOPLIST_FILE = YES;
				INFOPLIST_KEY_UIApplicationSceneManifest_Generation = YES;
				INFOPLIST_KEY_UIApplicationSupportsIndirectInputEvents = YES;
				INFOPLIST_KEY_UILaunchScreen_Generation = YES;
				INFOPLIST_KEY_UISupportedInterfaceOrientations_iPad = "UIInterfaceOrientationPortrait UIInterfaceOrientationPortraitUpsideDown UIInterfaceOrientationLandscapeLeft UIInterfaceOrientationLandscapeRight";
				INFOPLIST_KEY_UISupportedInterfaceOrientations_iPhone = "UIInterfaceOrientationPortrait UIInterfaceOrientationLandscapeLeft UIInterfaceOrientationLandscapeRight";
				LD_RUNPATH_SEARCH_PATHS = (
					"$(inherited)",
					"@executable_path/Frameworks",
				);
				MARKETING_VERSION = 1.0;
				PRODUCT_BUNDLE_IDENTIFIER = "raih.nyata.Applike-OutTheBox";
				PRODUCT_NAME = "$(TARGET_NAME)";
				SWIFT_EMIT_LOC_STRINGS = YES;
				SWIFT_VERSION = 5.0;
				TARGETED_DEVICE_FAMILY = "1,2";
			};
			name = Release;
		};
/* End XCBuildConfiguration section */

/* Begin XCConfigurationList section */
		9B9EF2312C058BFF00146042 /* Build configuration list for PBXProject "Applike-OutTheBox" */ = {
			isa = XCConfigurationList;
			buildConfigurations = (
				9B9EF2422C058C0100146042 /* Debug */,
				9B9EF2432C058C0100146042 /* Release */,
			);
			defaultConfigurationIsVisible = 0;
			defaultConfigurationName = Release;
		};
		9B9EF2442C058C0100146042 /* Build configuration list for PBXNativeTarget "Applike-OutTheBox" */ = {
			isa = XCConfigurationList;
			buildConfigurations = (
				9B9EF2452C058C0100146042 /* Debug */,
				9B9EF2462C058C0100146042 /* Release */,
			);
			defaultConfigurationIsVisible = 0;
			defaultConfigurationName = Release;
		};
/* End XCConfigurationList section */
	};
	rootObject = 9B9EF22E2C058BFF00146042 /* Project object */;
}
